{
  "name": "telemedicine-remote-monitoring-system",
  "version": "0.1.0",
  "lockfileVersion": 3,
  "requires": true,
  "packages": {
    "": {
      "name": "telemedicine-remote-monitoring-system",
      "version": "0.1.0",
      "dependencies": {
        "rpm-commercial-hooks": "file:../../rpm-commercial-hooks"
      },
      "optionalDependencies": {
        "rpm-commercial-hooks": "file:../../rpm-commercial-hooks"
      }
    },
    "node_modules/rpm-commercial-hooks": {
      "version": "1.0.0",
      "resolved": "file:../../rpm-commercial-hooks",
      "optional": true
    }
  }
}
